
Microsoft Visual Studio Solution File, Format Version 12.00
# Visual Studio Version 17
VisualStudioVersion = 17.2.32616.157
MinimumVisualStudioVersion = 10.0.40219.1
Project("{FAE04EC0-301F-11D3-BF4B-00C04F79EFBC}") = "UnitTestDemo.Test", "UnitTestDemo.Test\UnitTestDemo.Test.csproj", "{78A81FB5-16F2-4246-A8E3-C7D2E85F5A56}"
EndProject
Project("{FAE04EC0-301F-11D3-BF4B-00C04F79EFBC}") = "UnitTestDemo.Console", "UnitTestDemo.Console\UnitTestDemo.Console.csproj", "{1E77B6CE-37A1-4418-9B94-CC764DA0BBEF}"
EndProject
Project("{2150E333-8FDC-42A3-9474-1A3956D46DE8}") = "Docs", "Docs", "{7969B7B8-552B-4656-84EB-9CB8366089F6}"
	ProjectSection(SolutionItems) = preProject
		ReadMe.md = ReadMe.md
	EndProjectSection
EndProject
Global
	GlobalSection(SolutionConfigurationPlatforms) = preSolution
		Debug|Any CPU = Debug|Any CPU
		Release|Any CPU = Release|Any CPU
	EndGlobalSection
	GlobalSection(ProjectConfigurationPlatforms) = postSolution
		{78A81FB5-16F2-4246-A8E3-C7D2E85F5A56}.Debug|Any CPU.ActiveCfg = Debug|Any CPU
		{78A81FB5-16F2-4246-A8E3-C7D2E85F5A56}.Debug|Any CPU.Build.0 = Debug|Any CPU
		{78A81FB5-16F2-4246-A8E3-C7D2E85F5A56}.Release|Any CPU.ActiveCfg = Release|Any CPU
		{78A81FB5-16F2-4246-A8E3-C7D2E85F5A56}.Release|Any CPU.Build.0 = Release|Any CPU
		{1E77B6CE-37A1-4418-9B94-CC764DA0BBEF}.Debug|Any CPU.ActiveCfg = Debug|Any CPU
		{1E77B6CE-37A1-4418-9B94-CC764DA0BBEF}.Debug|Any CPU.Build.0 = Debug|Any CPU
		{1E77B6CE-37A1-4418-9B94-CC764DA0BBEF}.Release|Any CPU.ActiveCfg = Release|Any CPU
		{1E77B6CE-37A1-4418-9B94-CC764DA0BBEF}.Release|Any CPU.Build.0 = Release|Any CPU
	EndGlobalSection
	GlobalSection(SolutionProperties) = preSolution
		HideSolutionNode = FALSE
	EndGlobalSection
	GlobalSection(ExtensibilityGlobals) = postSolution
		SolutionGuid = {0799500A-5F8B-4759-998A-27BBE9B16FB7}
	EndGlobalSection
EndGlobal
